<Solution>
  <Folder Name="/Solution Items/">
    <File Path="docker-compose.yml" />
  </Folder>
  <Project Path="Agency.Common/Agency.Common.csproj" Id="127d1616-af99-4c94-817a-9992c8c21a6e" />
  <Project Path="Agency.Console/Agency.Console.csproj" />
  <Project Path="Agency.Embeddings.Test/Agency.Embeddings.Test.csproj" />
  <Project Path="Agency.Embeddings/Agency.Embeddings.csproj" />
  <Project Path="Agency.Llm.Claude/Agency.Llm.Claude.csproj" />
  <Project Path="Agency.Llm.Common/Agency.Llm.Common.csproj" />
  <Project Path="Agency.Llm.OpenAI/Agency.Llm.OpenAI.csproj" />
  <Project Path="Agency.Llm.Test/Agency.Llm.Test.csproj" />
  <Project Path="Agency.RagFormatter/Agency.RagFormatter.csproj" Id="edd114b8-6e08-4377-8f25-67cd133df6e5" />
  <Project Path="Agency.Sql.Postgre.Test/Agency.Sql.Postgre.Test.csproj" />
  <Project Path="Agency.Sql.Postgre/Agency.Sql.Postgre.csproj" />
</Solution>