<Solution>
  <Folder Name="/Harness/">
    <Project Path="Harness\Agency.Harness.Console.Test\Agency.Harness.Console.Test.csproj" />
    <Project Path="Harness\Agency.Harness.Console\Agency.Harness.Console.csproj" />
    <Project Path="Harness\Agency.Harness.Test\Agency.Harness.Test.csproj" Id="57db7c5d-6ae9-42f0-b756-9d11fc02d6c5" />
    <Project Path="Harness\Agency.Harness\Agency.Harness.csproj" />
  </Folder>
  <Folder Name="/Embeddings/">
    <Project Path="Embeddings\Agency.Embeddings.Common.Test\Agency.Embeddings.Common.Test.csproj" />
    <Project Path="Embeddings\Agency.Embeddings.Common\Agency.Embeddings.Common.csproj" />
    <Project Path="Embeddings\Agency.Embeddings.OpenAI.Test\Agency.Embeddings.OpenAI.Test.csproj" />
    <Project Path="Embeddings\Agency.Embeddings.OpenAI\Agency.Embeddings.OpenAI.csproj" />
  </Folder>
  <Folder Name="/Ingestion/">
    <Project Path="Ingestion\Agency.Ingestion.FileSystem\Agency.Ingestion.FileSystem.csproj" />
    <Project Path="Ingestion\Agency.Ingestion.SemanticKernel\Agency.Ingestion.SemanticKernel.csproj" />
    <Project Path="Ingestion\Agency.Ingestion.Test\Agency.Ingestion.Test.csproj" />
    <Project Path="Ingestion\Agency.Ingestion\Agency.Ingestion.csproj" />
  </Folder>
  <Folder Name="/KeyValueStore/">
    <Project Path="KeyValueStore/Agency.KeyValueStore.Sql.Postgres.Test/Agency.KeyValueStore.Sql.Postgres.Test.csproj" />
    <Project Path="KeyValueStore/Agency.KeyValueStore.Sql.Postgres/Agency.KeyValueStore.Sql.Postgres.csproj" />
    <Project Path="KeyValueStore\Agency.KeyValueStore.Common.Test\Agency.KeyValueStore.Common.Test.csproj" />
    <Project Path="KeyValueStore\Agency.KeyValueStore.Common\Agency.KeyValueStore.Common.csproj" />
    <Project Path="KeyValueStore\Agency.KeyValueStore.Sql.Sqlite.Test\Agency.KeyValueStore.Sql.Sqlite.Test.csproj" />
    <Project Path="KeyValueStore\Agency.KeyValueStore.Sql.Sqlite\Agency.KeyValueStore.Sql.Sqlite.csproj" />
  </Folder>
  <Folder Name="/Llm/">
    <Project Path="Llm\Agency.Llm.Claude\Agency.Llm.Claude.csproj" />
    <Project Path="Llm\Agency.Llm.Common\Agency.Llm.Common.csproj" />
    <Project Path="Llm\Agency.Llm.OpenAI\Agency.Llm.OpenAI.csproj" />
    <Project Path="Llm\Agency.Llm.Test\Agency.Llm.Test.csproj" />
  </Folder>
  <Folder Name="/MCP/">
    <Project Path="Mcp/Agency.Mcp.Memory.Test/Agency.Mcp.Memory.Test.csproj" />
    <Project Path="Mcp/Agency.Mcp.Memory/Agency.Mcp.Memory.csproj" Id="01412def-20db-4510-b727-416bfb4f3a5f" />
  </Folder>
  <Folder Name="/Utils/">
    <Project Path="Utils\Agency.Utils.HttpCacheProxy\Agency.Utils.HttpCacheProxy.csproj" />
  </Folder>
  <Folder Name="/Solution Items/">
    <File Path="Directory.Build.props" />
    <File Path="Directory.Packages.props" />
    <File Path="docker-compose.yml" />
    <File Path="SetupLocal.bat" />
  </Folder>
  <Folder Name="/Sql/">
    <Project Path="Sql\Agency.Sql.Common\Agency.Sql.Common.csproj" />
    <Project Path="Sql\Agency.Sql.Postgres.Test\Agency.Sql.Postgres.Test.csproj" />
    <Project Path="Sql\Agency.Sql.Postgres\Agency.Sql.Postgres.csproj" />
    <Project Path="Sql\Agency.Sql.Sqlite.Test\Agency.Sql.Sqlite.Test.csproj" />
    <Project Path="Sql\Agency.Sql.Sqlite\Agency.Sql.Sqlite.csproj" />
  </Folder>
  <Folder Name="/VectorStore/">
    <Project Path="VectorStore/Agency.VectorStore.Sql.Postgres.Test/Agency.VectorStore.Sql.Postgres.Test.csproj" />
    <Project Path="VectorStore/Agency.VectorStore.Sql.Postgres/Agency.VectorStore.Sql.Postgres.csproj" Id="60612533-b6b5-4289-b4bb-d7e5b690262b" />
    <Project Path="VectorStore\Agency.VectorStore.Common.Test\Agency.VectorStore.Common.Test.csproj" />
    <Project Path="VectorStore\Agency.VectorStore.Common\Agency.VectorStore.Common.csproj" Id="a5156262-6a37-4d98-88b8-8696f32dc5f9" />
    <Project Path="VectorStore\Agency.VectorStore.Sql.Sqlite.Test\Agency.VectorStore.Sql.Sqlite.Test.csproj" />
    <Project Path="VectorStore\Agency.VectorStore.Sql.Sqlite\Agency.VectorStore.Sql.Sqlite.csproj" />
  </Folder>
  <Folder Name="/Memory/">
    <Project Path="Memory\Agency.Memory.Common.Test\Agency.Memory.Common.Test.csproj" />
    <Project Path="Memory\Agency.Memory.Common\Agency.Memory.Common.csproj" />
    <Project Path="Memory\Agency.Memory.Sql.Postgres\Agency.Memory.Sql.Postgres.csproj" />
    <Project Path="Memory\Agency.Memory.Sql.Postgres.Test\Agency.Memory.Sql.Postgres.Test.csproj" />
    <Project Path="Memory\Agency.Memory.Retrieval\Agency.Memory.Retrieval.csproj" />
    <Project Path="Memory\Agency.Memory.Retrieval.Test\Agency.Memory.Retrieval.Test.csproj" />
    <Project Path="Memory\Agency.Memory.Hygiene\Agency.Memory.Hygiene.csproj" />
    <Project Path="Memory\Agency.Memory.Hygiene.Test\Agency.Memory.Hygiene.Test.csproj" />
    <Project Path="Memory\Agency.Memory.Distiller\Agency.Memory.Distiller.csproj" />
    <Project Path="Memory\Agency.Memory.Distiller.Test\Agency.Memory.Distiller.Test.csproj" />
    <Project Path="Memory\Agency.Memory.Consolidator\Agency.Memory.Consolidator.csproj" />
    <Project Path="Memory\Agency.Memory.Consolidator.Test\Agency.Memory.Consolidator.Test.csproj" />
    <Project Path="Memory\Agency.Memory.Functional.Test\Agency.Memory.Functional.Test.csproj" />
    <Project Path="Memory\Agency.Memory.Sql.Sqlite\Agency.Memory.Sql.Sqlite.csproj" />
    <Project Path="Memory\Agency.Memory.Sql.Sqlite.Test\Agency.Memory.Sql.Sqlite.Test.csproj" />
  </Folder>
  <Project Path="Agency.Common/Agency.Common.csproj" Id="127d1616-af99-4c94-817a-9992c8c21a6e" />
  <Project Path="Agency.RagFormatter/Agency.RagFormatter.csproj" Id="edd114b8-6e08-4377-8f25-67cd133df6e5" />
</Solution>
